
Microsoft Visual Studio Solution File, Format Version 12.00
# Visual Studio Version 17
VisualStudioVersion = 17.8.34322.80
MinimumVisualStudioVersion = 10.0.40219.1
Project("{9A19103F-16F7-4668-BE54-9A1E7A4F7556}") = "EntityFrameworkWithCoreAPI", "EntityFrameworkWithCoreAPI\EntityFrameworkWithCoreAPI.csproj", "{32474093-B388-428D-A0B8-EE7D1286F001}"
EndProject
Global
	GlobalSection(SolutionConfigurationPlatforms) = preSolution
		Debug|Any CPU = Debug|Any CPU
		Release|Any CPU = Release|Any CPU
	EndGlobalSection
	GlobalSection(ProjectConfigurationPlatforms) = postSolution
		{32474093-B388-428D-A0B8-EE7D1286F001}.Debug|Any CPU.ActiveCfg = Debug|Any CPU
		{32474093-B388-428D-A0B8-EE7D1286F001}.Debug|Any CPU.Build.0 = Debug|Any CPU
		{32474093-B388-428D-A0B8-EE7D1286F001}.Release|Any CPU.ActiveCfg = Release|Any CPU
		{32474093-B388-428D-A0B8-EE7D1286F001}.Release|Any CPU.Build.0 = Release|Any CPU
	EndGlobalSection
	GlobalSection(SolutionProperties) = preSolution
		HideSolutionNode = FALSE
	EndGlobalSection
	GlobalSection(ExtensibilityGlobals) = postSolution
		SolutionGuid = {096F94E3-7DF0-4A7E-BA7F-021C3AF227B6}
	EndGlobalSection
EndGlobal
